// !$*UTF8*$!
{
	archiveVersion = 1;
	classes = {
	};
	objectVersion = 46;
	objects = {

/* Begin PBXBuildFile section */
		B18C48DD1992D91700ABA9D0 /* AppDelegate.swift in Sources */ = {isa = PBXBuildFile; fileRef = B18C48DC1992D91700ABA9D0 /* AppDelegate.swift */; };
		B18C48DF1992D91700ABA9D0 /* ViewController.swift in Sources */ = {isa = PBXBuildFile; fileRef = B18C48DE1992D91700ABA9D0 /* ViewController.swift */; };
		B18C48E21992D91700ABA9D0 /* Main.storyboard in Resources */ = {isa = PBXBuildFile; fileRef = B18C48E01992D91700ABA9D0 /* Main.storyboard */; };
		B18C48E41992D91700ABA9D0 /* Images.xcassets in Resources */ = {isa = PBXBuildFile; fileRef = B18C48E31992D91700ABA9D0 /* Images.xcassets */; };
		B18C48F01992D91700ABA9D0 /* MultiplyTests.swift in Sources */ = {isa = PBXBuildFile; fileRef = B18C48EF1992D91700ABA9D0 /* MultiplyTests.swift */; };
/* End PBXBuildFile section */

/* Begin PBXContainerItemProxy section */
		B18C48EA1992D91700ABA9D0 /* PBXContainerItemProxy */ = {
			isa = PBXContainerItemProxy;
			containerPortal = B18C48CF1992D91700ABA9D0 /* Project object */;
			proxyType = 1;
			remoteGlobalIDString = B18C48D61992D91700ABA9D0;
			remoteInfo = Multiply;
		};
/* End PBXContainerItemProxy section */

/* Begin PBXFileReference section */
		B18C48D71992D91700ABA9D0 /* Multiply.app */ = {isa = PBXFileReference; explicitFileType = wrapper.application; includeInIndex = 0; path = Multiply.app; sourceTree = BUILT_PRODUCTS_DIR; };
		B18C48DB1992D91700ABA9D0 /* Info.plist */ = {isa = PBXFileReference; lastKnownFileType = text.plist.xml; path = Info.plist; sourceTree = "<group>"; };
		B18C48DC1992D91700ABA9D0 /* AppDelegate.swift */ = {isa = PBXFileReference; lastKnownFileType = sourcecode.swift; path = AppDelegate.swift; sourceTree = "<group>"; };
		B18C48DE1992D91700ABA9D0 /* ViewController.swift */ = {isa = PBXFileReference; lastKnownFileType = sourcecode.swift; path = ViewController.swift; sourceTree = "<group>"; };
		B18C48E11992D91700ABA9D0 /* Base */ = {isa = PBXFileReference; lastKnownFileType = file.storyboard; name = Base; path = Base.lproj/Main.storyboard; sourceTree = "<group>"; };
		B18C48E31992D91700ABA9D0 /* Images.xcassets */ = {isa = PBXFileReference; lastKnownFileType = folder.assetcatalog; path = Images.xcassets; sourceTree = "<group>"; };
		B18C48E91992D91700ABA9D0 /* MultiplyTests.xctest */ = {isa = PBXFileReference; explicitFileType = wrapper.cfbundle; includeInIndex = 0; path = MultiplyTests.xctest; sourceTree = BUILT_PRODUCTS_DIR; };
		B18C48EE1992D91700ABA9D0 /* Info.plist */ = {isa = PBXFileReference; lastKnownFileType = text.plist.xml; path = Info.plist; sourceTree = "<group>"; };
		B18C48EF1992D91700ABA9D0 /* MultiplyTests.swift */ = {isa = PBXFileReference; lastKnownFileType = sourcecode.swift; path = MultiplyTests.swift; sourceTree = "<group>"; };
/* End PBXFileReference section */

/* Begin PBXFrameworksBuildPhase section */
		B18C48D41992D91700ABA9D0 /* Frameworks */ = {
			isa = PBXFrameworksBuildPhase;
			buildActionMask = 2147483647;
			files = (
			);
			runOnlyForDeploymentPostprocessing = 0;
		};
		B18C48E61992D91700ABA9D0 /* Frameworks */ = {
			isa = PBXFrameworksBuildPhase;
			buildActionMask = 2147483647;
			files = (
			);
			runOnlyForDeploymentPostprocessing = 0;
		};
/* End PBXFrameworksBuildPhase section */

/* Begin PBXGroup section */
		B18C48CE1992D91700ABA9D0 = {
			isa = PBXGroup;
			children = (
				B18C48D91992D91700ABA9D0 /* Multiply */,
				B18C48EC1992D91700ABA9D0 /* MultiplyTests */,
				B18C48D81992D91700ABA9D0 /* Products */,
			);
			sourceTree = "<group>";
		};
		B18C48D81992D91700ABA9D0 /* Products */ = {
			isa = PBXGroup;
			children = (
				B18C48D71992D91700ABA9D0 /* Multiply.app */,
				B18C48E91992D91700ABA9D0 /* MultiplyTests.xctest */,
			);
			name = Products;
			sourceTree = "<group>";
		};
		B18C48D91992D91700ABA9D0 /* Multiply */ = {
			isa = PBXGroup;
			children = (
				B18C48DC1992D91700ABA9D0 /* AppDelegate.swift */,
				B18C48DE1992D91700ABA9D0 /* ViewController.swift */,
				B18C48E01992D91700ABA9D0 /* Main.storyboard */,
				B18C48E31992D91700ABA9D0 /* Images.xcassets */,
				B18C48DA1992D91700ABA9D0 /* Supporting Files */,
			);
			path = Multiply;
			sourceTree = "<group>";
		};
		B18C48DA1992D91700ABA9D0 /* Supporting Files */ = {
			isa = PBXGroup;
			children = (
				B18C48DB1992D91700ABA9D0 /* Info.plist */,
			);
			name = "Supporting Files";
			sourceTree = "<group>";
		};
		B18C48EC1992D91700ABA9D0 /* MultiplyTests */ = {
			isa = PBXGroup;
			children = (
				B18C48EF1992D91700ABA9D0 /* MultiplyTests.swift */,
				B18C48ED1992D91700ABA9D0 /* Supporting Files */,
			);
			path = MultiplyTests;
			sourceTree = "<group>";
		};
		B18C48ED1992D91700ABA9D0 /* Supporting Files */ = {
			isa = PBXGroup;
			children = (
				B18C48EE1992D91700ABA9D0 /* Info.plist */,
			);
			name = "Supporting Files";
			sourceTree = "<group>";
		};
/* End PBXGroup section */

/* Begin PBXNativeTarget section */
		B18C48D61992D91700ABA9D0 /* Multiply */ = {
			isa = PBXNativeTarget;
			buildConfigurationList = B18C48F31992D91700ABA9D0 /* Build configuration list for PBXNativeTarget "Multiply" */;
			buildPhases = (
				B18C48D31992D91700ABA9D0 /* Sources */,
				B18C48D41992D91700ABA9D0 /* Frameworks */,
				B18C48D51992D91700ABA9D0 /* Resources */,
			);
			buildRules = (
			);
			dependencies = (
			);
			name = Multiply;
			productName = Multiply;
			productReference = B18C48D71992D91700ABA9D0 /* Multiply.app */;
			productType = "com.apple.product-type.application";
		};
		B18C48E81992D91700ABA9D0 /* MultiplyTests */ = {
			isa = PBXNativeTarget;
			buildConfigurationList = B18C48F61992D91700ABA9D0 /* Build configuration list for PBXNativeTarget "MultiplyTests" */;
			buildPhases = (
				B18C48E51992D91700ABA9D0 /* Sources */,
				B18C48E61992D91700ABA9D0 /* Frameworks */,
				B18C48E71992D91700ABA9D0 /* Resources */,
			);
			buildRules = (
			);
			dependencies = (
				B18C48EB1992D91700ABA9D0 /* PBXTargetDependency */,
			);
			name = MultiplyTests;
			productName = MultiplyTests;
			productReference = B18C48E91992D91700ABA9D0 /* MultiplyTests.xctest */;
			productType = "com.apple.product-type.bundle.unit-test";
		};
/* End PBXNativeTarget section */

/* Begin PBXProject section */
		B18C48CF1992D91700ABA9D0 /* Project object */ = {
			isa = PBXProject;
			attributes = {
				LastUpgradeCheck = 0600;
				ORGANIZATIONNAME = MobileMakers;
				TargetAttributes = {
					B18C48D61992D91700ABA9D0 = {
						CreatedOnToolsVersion = 6.0;
					};
					B18C48E81992D91700ABA9D0 = {
						CreatedOnToolsVersion = 6.0;
						TestTargetID = B18C48D61992D91700ABA9D0;
					};
				};
			};
			buildConfigurationList = B18C48D21992D91700ABA9D0 /* Build configuration list for PBXProject "Multiply" */;
			compatibilityVersion = "Xcode 3.2";
			developmentRegion = English;
			hasScannedForEncodings = 0;
			knownRegions = (
				en,
				Base,
			);
			mainGroup = B18C48CE1992D91700ABA9D0;
			productRefGroup = B18C48D81992D91700ABA9D0 /* Products */;
			projectDirPath = "";
			projectRoot = "";
			targets = (
				B18C48D61992D91700ABA9D0 /* Multiply */,
				B18C48E81992D91700ABA9D0 /* MultiplyTests */,
			);
		};
/* End PBXProject section */

/* Begin PBXResourcesBuildPhase section */
		B18C48D51992D91700ABA9D0 /* Resources */ = {
			isa = PBXResourcesBuildPhase;
			buildActionMask = 2147483647;
			files = (
				B18C48E21992D91700ABA9D0 /* Main.storyboard in Resources */,
				B18C48E41992D91700ABA9D0 /* Images.xcassets in Resources */,
			);
			runOnlyForDeploymentPostprocessing = 0;
		};
		B18C48E71992D91700ABA9D0 /* Resources */ = {
			isa = PBXResourcesBuildPhase;
			buildActionMask = 2147483647;
			files = (
			);
			runOnlyForDeploymentPostprocessing = 0;
		};
/* End PBXResourcesBuildPhase section */

/* Begin PBXSourcesBuildPhase section */
		B18C48D31992D91700ABA9D0 /* Sources */ = {
			isa = PBXSourcesBuildPhase;
			buildActionMask = 2147483647;
			files = (
				B18C48DF1992D91700ABA9D0 /* ViewController.swift in Sources */,
				B18C48DD1992D91700ABA9D0 /* AppDelegate.swift in Sources */,
			);
			runOnlyForDeploymentPostprocessing = 0;
		};
		B18C48E51992D91700ABA9D0 /* Sources */ = {
			isa = PBXSourcesBuildPhase;
			buildActionMask = 2147483647;
			files = (
				B18C48F01992D91700ABA9D0 /* MultiplyTests.swift in Sources */,
			);
			runOnlyForDeploymentPostprocessing = 0;
		};
/* End PBXSourcesBuildPhase section */

/* Begin PBXTargetDependency section */
		B18C48EB1992D91700ABA9D0 /* PBXTargetDependency */ = {
			isa = PBXTargetDependency;
			target = B18C48D61992D91700ABA9D0 /* Multiply */;
			targetProxy = B18C48EA1992D91700ABA9D0 /* PBXContainerItemProxy */;
		};
/* End PBXTargetDependency section */

/* Begin PBXVariantGroup section */
		B18C48E01992D91700ABA9D0 /* Main.storyboard */ = {
			isa = PBXVariantGroup;
			children = (
				B18C48E11992D91700ABA9D0 /* Base */,
			);
			name = Main.storyboard;
			sourceTree = "<group>";
		};
/* End PBXVariantGroup section */

/* Begin XCBuildConfiguration section */
		B18C48F11992D91700ABA9D0 /* Debug */ = {
			isa = XCBuildConfiguration;
			buildSettings = {
				ALWAYS_SEARCH_USER_PATHS = NO;
				CLANG_CXX_LANGUAGE_STANDARD = "gnu++0x";
				CLANG_CXX_LIBRARY = "libc++";
				CLANG_ENABLE_MODULES = YES;
				CLANG_ENABLE_OBJC_ARC = YES;
				CLANG_WARN_BOOL_CONVERSION = YES;
				CLANG_WARN_CONSTANT_CONVERSION = YES;
				CLANG_WARN_DIRECT_OBJC_ISA_USAGE = YES_ERROR;
				CLANG_WARN_EMPTY_BODY = YES;
				CLANG_WARN_ENUM_CONVERSION = YES;
				CLANG_WARN_INT_CONVERSION = YES;
				CLANG_WARN_OBJC_ROOT_CLASS = YES_ERROR;
				CLANG_WARN_UNREACHABLE_CODE = YES;
				CLANG_WARN__DUPLICATE_METHOD_MATCH = YES;
				"CODE_SIGN_IDENTITY[sdk=iphoneos*]" = "iPhone Developer";
				COPY_PHASE_STRIP = NO;
				ENABLE_STRICT_OBJC_MSGSEND = YES;
				GCC_C_LANGUAGE_STANDARD = gnu99;
				GCC_DYNAMIC_NO_PIC = NO;
				GCC_OPTIMIZATION_LEVEL = 0;
				GCC_PREPROCESSOR_DEFINITIONS = (
					"DEBUG=1",
					"$(inherited)",
				);
				GCC_SYMBOLS_PRIVATE_EXTERN = NO;
				GCC_WARN_64_TO_32_BIT_CONVERSION = YES;
				GCC_WARN_ABOUT_RETURN_TYPE = YES_ERROR;
				GCC_WARN_UNDECLARED_SELECTOR = YES;
				GCC_WARN_UNINITIALIZED_AUTOS = YES_AGGRESSIVE;
				GCC_WARN_UNUSED_FUNCTION = YES;
				GCC_WARN_UNUSED_VARIABLE = YES;
				IPHONEOS_DEPLOYMENT_TARGET = 8.0;
				MTL_ENABLE_DEBUG_INFO = YES;
				ONLY_ACTIVE_ARCH = YES;
				SDKROOT = iphoneos;
				SWIFT_OPTIMIZATION_LEVEL = "-Onone";
				TARGETED_DEVICE_FAMILY = "1,2";
			};
			name = Debug;
		};
		B18C48F21992D91700ABA9D0 /* Release */ = {
			isa = XCBuildConfiguration;
			buildSettings = {
				ALWAYS_SEARCH_USER_PATHS = NO;
				CLANG_CXX_LANGUAGE_STANDARD = "gnu++0x";
				CLANG_CXX_LIBRARY = "libc++";
				CLANG_ENABLE_MODULES = YES;
				CLANG_ENABLE_OBJC_ARC = YES;
				CLANG_WARN_BOOL_CONVERSION = YES;
				CLANG_WARN_CONSTANT_CONVERSION = YES;
				CLANG_WARN_DIRECT_OBJC_ISA_USAGE = YES_ERROR;
				CLANG_WARN_EMPTY_BODY = YES;
				CLANG_WARN_ENUM_CONVERSION = YES;
				CLANG_WARN_INT_CONVERSION = YES;
				CLANG_WARN_OBJC_ROOT_CLASS = YES_ERROR;
				CLANG_WARN_UNREACHABLE_CODE = YES;
				CLANG_WARN__DUPLICATE_METHOD_MATCH = YES;
				"CODE_SIGN_IDENTITY[sdk=iphoneos*]" = "iPhone Developer";
				COPY_PHASE_STRIP = YES;
				ENABLE_NS_ASSERTIONS = NO;
				ENABLE_STRICT_OBJC_MSGSEND = YES;
				GCC_C_LANGUAGE_STANDARD = gnu99;
				GCC_WARN_64_TO_32_BIT_CONVERSION = YES;
				GCC_WARN_ABOUT_RETURN_TYPE = YES_ERROR;
				GCC_WARN_UNDECLARED_SELECTOR = YES;
				GCC_WARN_UNINITIALIZED_AUTOS = YES_AGGRESSIVE;
				GCC_WARN_UNUSED_FUNCTION = YES;
				GCC_WARN_UNUSED_VARIABLE = YES;
				IPHONEOS_DEPLOYMENT_TARGET = 8.0;
				MTL_ENABLE_DEBUG_INFO = NO;
				SDKROOT = iphoneos;
				TARGETED_DEVICE_FAMILY = "1,2";
				VALIDATE_PRODUCT = YES;
			};
			name = Release;
		};
		B18C48F41992D91700ABA9D0 /* Debug */ = {
			isa = XCBuildConfiguration;
			buildSettings = {
				ASSETCATALOG_COMPILER_APPICON_NAME = AppIcon;
				ASSETCATALOG_COMPILER_LAUNCHIMAGE_NAME = LaunchImage;
				INFOPLIST_FILE = Multiply/Info.plist;
				LD_RUNPATH_SEARCH_PATHS = "$(inherited) @executable_path/Frameworks";
				PRODUCT_NAME = "$(TARGET_NAME)";
			};
			name = Debug;
		};
		B18C48F51992D91700ABA9D0 /* Release */ = {
			isa = XCBuildConfiguration;
			buildSettings = {
				ASSETCATALOG_COMPILER_APPICON_NAME = AppIcon;
				ASSETCATALOG_COMPILER_LAUNCHIMAGE_NAME = LaunchImage;
				INFOPLIST_FILE = Multiply/Info.plist;
				LD_RUNPATH_SEARCH_PATHS = "$(inherited) @executable_path/Frameworks";
				PRODUCT_NAME = "$(TARGET_NAME)";
			};
			name = Release;
		};
		B18C48F71992D91700ABA9D0 /* Debug */ = {
			isa = XCBuildConfiguration;
			buildSettings = {
				BUNDLE_LOADER = "$(BUILT_PRODUCTS_DIR)/Multiply.app/Multiply";
				FRAMEWORK_SEARCH_PATHS = (
					"$(SDKROOT)/Developer/Library/Frameworks",
					"$(inherited)",
				);
				GCC_PREPROCESSOR_DEFINITIONS = (
					"DEBUG=1",
					"$(inherited)",
				);
				INFOPLIST_FILE = MultiplyTests/Info.plist;
				LD_RUNPATH_SEARCH_PATHS = "$(inherited) @executable_path/Frameworks @loader_path/Frameworks";
				PRODUCT_NAME = "$(TARGET_NAME)";
				TEST_HOST = "$(BUNDLE_LOADER)";
			};
			name = Debug;
		};
		B18C48F81992D91700ABA9D0 /* Release */ = {
			isa = XCBuildConfiguration;
			buildSettings = {
				BUNDLE_LOADER = "$(BUILT_PRODUCTS_DIR)/Multiply.app/Multiply";
				FRAMEWORK_SEARCH_PATHS = (
					"$(SDKROOT)/Developer/Library/Frameworks",
					"$(inherited)",
				);
				INFOPLIST_FILE = MultiplyTests/Info.plist;
				LD_RUNPATH_SEARCH_PATHS = "$(inherited) @executable_path/Frameworks @loader_path/Frameworks";
				PRODUCT_NAME = "$(TARGET_NAME)";
				TEST_HOST = "$(BUNDLE_LOADER)";
			};
			name = Release;
		};
/* End XCBuildConfiguration section */

/* Begin XCConfigurationList section */
		B18C48D21992D91700ABA9D0 /* Build configuration list for PBXProject "Multiply" */ = {
			isa = XCConfigurationList;
			buildConfigurations = (
				B18C48F11992D91700ABA9D0 /* Debug */,
				B18C48F21992D91700ABA9D0 /* Release */,
			);
			defaultConfigurationIsVisible = 0;
			defaultConfigurationName = Release;
		};
		B18C48F31992D91700ABA9D0 /* Build configuration list for PBXNativeTarget "Multiply" */ = {
			isa = XCConfigurationList;
			buildConfigurations = (
				B18C48F41992D91700ABA9D0 /* Debug */,
				B18C48F51992D91700ABA9D0 /* Release */,
			);
			defaultConfigurationIsVisible = 0;
		};
		B18C48F61992D91700ABA9D0 /* Build configuration list for PBXNativeTarget "MultiplyTests" */ = {
			isa = XCConfigurationList;
			buildConfigurations = (
				B18C48F71992D91700ABA9D0 /* Debug */,
				B18C48F81992D91700ABA9D0 /* Release */,
			);
			defaultConfigurationIsVisible = 0;
		};
/* End XCConfigurationList section */
	};
	rootObject = B18C48CF1992D91700ABA9D0 /* Project object */;
}
